// !$*UTF8*$!
{
	archiveVersion = 1;
	classes = {
	};
	objectVersion = 55;
	objects = {

/* Begin PBXBuildFile section */
		6314D5DD2917DD4B00ABF49B /* QuizView.swift in Sources */ = {isa = PBXBuildFile; fileRef = 6314D5DC2917DD4B00ABF49B /* QuizView.swift */; };
		6315F4C728BDF0390034DD85 /* ImageClassification.swift in Sources */ = {isa = PBXBuildFile; fileRef = 6315F4C628BDF0390034DD85 /* ImageClassification.swift */; };
		631AF65E28BA393C008CC3D2 /* MLCharacteQuizAppApp.swift in Sources */ = {isa = PBXBuildFile; fileRef = 631AF65D28BA393C008CC3D2 /* MLCharacteQuizAppApp.swift */; };
		631AF66028BA393C008CC3D2 /* MainView.swift in Sources */ = {isa = PBXBuildFile; fileRef = 631AF65F28BA393C008CC3D2 /* MainView.swift */; };
		631AF66228BA393D008CC3D2 /* Assets.xcassets in Resources */ = {isa = PBXBuildFile; fileRef = 631AF66128BA393D008CC3D2 /* Assets.xcassets */; };
		631AF66528BA393D008CC3D2 /* Preview Assets.xcassets in Resources */ = {isa = PBXBuildFile; fileRef = 631AF66428BA393D008CC3D2 /* Preview Assets.xcassets */; };
		631AF67028BA3B1F008CC3D2 /* MainViewModel.swift in Sources */ = {isa = PBXBuildFile; fileRef = 631AF66F28BA3B1F008CC3D2 /* MainViewModel.swift */; };
		6324FC9E28BC83D2006EB180 /* QuizViewModel.swift in Sources */ = {isa = PBXBuildFile; fileRef = 6324FC9D28BC83D2006EB180 /* QuizViewModel.swift */; };
		6324FCD128BCD867006EB180 /* CGImage + UIImage Orientation Extension.swift in Sources */ = {isa = PBXBuildFile; fileRef = 6324FCD028BCD867006EB180 /* CGImage + UIImage Orientation Extension.swift */; };
		6324FCD428BCD9CC006EB180 /* ImagePicker.swift in Sources */ = {isa = PBXBuildFile; fileRef = 6324FCD328BCD9CC006EB180 /* ImagePicker.swift */; };
<<<<<<< HEAD
		63718165291F3DAE00FC29F2 /* ClassificationTest.swift in Sources */ = {isa = PBXBuildFile; fileRef = 63718164291F3DAE00FC29F2 /* ClassificationTest.swift */; };
=======
>>>>>>> main
		63CF478528C0A6370005D5EA /* KeyBoard.swift in Sources */ = {isa = PBXBuildFile; fileRef = 63CF478428C0A6370005D5EA /* KeyBoard.swift */; };
		63CF478728C16BFF0005D5EA /* FamousPeople.mlpackage in Sources */ = {isa = PBXBuildFile; fileRef = 63CF478628C16BFF0005D5EA /* FamousPeople.mlpackage */; };
		63CF478928C173460005D5EA /* ResultView.swift in Sources */ = {isa = PBXBuildFile; fileRef = 63CF478828C173460005D5EA /* ResultView.swift */; };
/* End PBXBuildFile section */

/* Begin PBXFileReference section */
		6314D5DC2917DD4B00ABF49B /* QuizView.swift */ = {isa = PBXFileReference; lastKnownFileType = sourcecode.swift; path = QuizView.swift; sourceTree = "<group>"; };
		6315F4C628BDF0390034DD85 /* ImageClassification.swift */ = {isa = PBXFileReference; lastKnownFileType = sourcecode.swift; path = ImageClassification.swift; sourceTree = "<group>"; };
		631AF65A28BA393C008CC3D2 /* MLCharacteQuizApp.app */ = {isa = PBXFileReference; explicitFileType = wrapper.application; includeInIndex = 0; path = MLCharacteQuizApp.app; sourceTree = BUILT_PRODUCTS_DIR; };
		631AF65D28BA393C008CC3D2 /* MLCharacteQuizAppApp.swift */ = {isa = PBXFileReference; lastKnownFileType = sourcecode.swift; path = MLCharacteQuizAppApp.swift; sourceTree = "<group>"; };
		631AF65F28BA393C008CC3D2 /* MainView.swift */ = {isa = PBXFileReference; lastKnownFileType = sourcecode.swift; path = MainView.swift; sourceTree = "<group>"; };
		631AF66128BA393D008CC3D2 /* Assets.xcassets */ = {isa = PBXFileReference; lastKnownFileType = folder.assetcatalog; path = Assets.xcassets; sourceTree = "<group>"; };
		631AF66428BA393D008CC3D2 /* Preview Assets.xcassets */ = {isa = PBXFileReference; lastKnownFileType = folder.assetcatalog; path = "Preview Assets.xcassets"; sourceTree = "<group>"; };
		631AF66F28BA3B1F008CC3D2 /* MainViewModel.swift */ = {isa = PBXFileReference; lastKnownFileType = sourcecode.swift; path = MainViewModel.swift; sourceTree = "<group>"; };
		6324FC9D28BC83D2006EB180 /* QuizViewModel.swift */ = {isa = PBXFileReference; lastKnownFileType = sourcecode.swift; name = QuizViewModel.swift; path = ../Model/QuizViewModel.swift; sourceTree = "<group>"; };
		6324FCD028BCD867006EB180 /* CGImage + UIImage Orientation Extension.swift */ = {isa = PBXFileReference; lastKnownFileType = sourcecode.swift; path = "CGImage + UIImage Orientation Extension.swift"; sourceTree = "<group>"; };
		6324FCD328BCD9CC006EB180 /* ImagePicker.swift */ = {isa = PBXFileReference; lastKnownFileType = sourcecode.swift; path = ImagePicker.swift; sourceTree = "<group>"; };
<<<<<<< HEAD
		63718164291F3DAE00FC29F2 /* ClassificationTest.swift */ = {isa = PBXFileReference; lastKnownFileType = sourcecode.swift; path = ClassificationTest.swift; sourceTree = "<group>"; };
=======
>>>>>>> main
		63CF478428C0A6370005D5EA /* KeyBoard.swift */ = {isa = PBXFileReference; lastKnownFileType = sourcecode.swift; path = KeyBoard.swift; sourceTree = "<group>"; };
		63CF478628C16BFF0005D5EA /* FamousPeople.mlpackage */ = {isa = PBXFileReference; lastKnownFileType = folder.mlpackage; path = FamousPeople.mlpackage; sourceTree = "<group>"; };
		63CF478828C173460005D5EA /* ResultView.swift */ = {isa = PBXFileReference; lastKnownFileType = sourcecode.swift; path = ResultView.swift; sourceTree = "<group>"; };
/* End PBXFileReference section */

/* Begin PBXFrameworksBuildPhase section */
		631AF65728BA393C008CC3D2 /* Frameworks */ = {
			isa = PBXFrameworksBuildPhase;
			buildActionMask = 2147483647;
			files = (
			);
			runOnlyForDeploymentPostprocessing = 0;
		};
/* End PBXFrameworksBuildPhase section */

/* Begin PBXGroup section */
		631AF65128BA393C008CC3D2 = {
			isa = PBXGroup;
			children = (
				631AF65C28BA393C008CC3D2 /* MLCharacteQuizApp */,
				631AF65B28BA393C008CC3D2 /* Products */,
			);
			sourceTree = "<group>";
		};
		631AF65B28BA393C008CC3D2 /* Products */ = {
			isa = PBXGroup;
			children = (
				631AF65A28BA393C008CC3D2 /* MLCharacteQuizApp.app */,
			);
			name = Products;
			sourceTree = "<group>";
		};
		631AF65C28BA393C008CC3D2 /* MLCharacteQuizApp */ = {
			isa = PBXGroup;
			children = (
				6324FCD228BCD9A8006EB180 /* Service */,
				631AF66E28BA3AA9008CC3D2 /* ModelView */,
				631AF66D28BA3AA1008CC3D2 /* View */,
				631AF66C28BA3A92008CC3D2 /* MachineLearning */,
				631AF65D28BA393C008CC3D2 /* MLCharacteQuizAppApp.swift */,
				631AF66128BA393D008CC3D2 /* Assets.xcassets */,
				631AF66328BA393D008CC3D2 /* Preview Content */,
			);
			path = MLCharacteQuizApp;
			sourceTree = "<group>";
		};
		631AF66328BA393D008CC3D2 /* Preview Content */ = {
			isa = PBXGroup;
			children = (
				631AF66428BA393D008CC3D2 /* Preview Assets.xcassets */,
			);
			path = "Preview Content";
			sourceTree = "<group>";
		};
		631AF66C28BA3A92008CC3D2 /* MachineLearning */ = {
			isa = PBXGroup;
			children = (
				63CF478628C16BFF0005D5EA /* FamousPeople.mlpackage */,
				6324FCD028BCD867006EB180 /* CGImage + UIImage Orientation Extension.swift */,
				6315F4C628BDF0390034DD85 /* ImageClassification.swift */,
				63718164291F3DAE00FC29F2 /* ClassificationTest.swift */,
			);
			path = MachineLearning;
			sourceTree = "<group>";
		};
		631AF66D28BA3AA1008CC3D2 /* View */ = {
			isa = PBXGroup;
			children = (
				631AF65F28BA393C008CC3D2 /* MainView.swift */,
				63CF478828C173460005D5EA /* ResultView.swift */,
				6314D5DC2917DD4B00ABF49B /* QuizView.swift */,
			);
			path = View;
			sourceTree = "<group>";
		};
		631AF66E28BA3AA9008CC3D2 /* ModelView */ = {
			isa = PBXGroup;
			children = (
				6324FC9D28BC83D2006EB180 /* QuizViewModel.swift */,
				631AF66F28BA3B1F008CC3D2 /* MainViewModel.swift */,
			);
			path = ModelView;
			sourceTree = "<group>";
		};
		6324FCD228BCD9A8006EB180 /* Service */ = {
			isa = PBXGroup;
			children = (
				6324FCD328BCD9CC006EB180 /* ImagePicker.swift */,
				63CF478428C0A6370005D5EA /* KeyBoard.swift */,
			);
			path = Service;
			sourceTree = "<group>";
		};
/* End PBXGroup section */

/* Begin PBXNativeTarget section */
		631AF65928BA393C008CC3D2 /* MLCharacteQuizApp */ = {
			isa = PBXNativeTarget;
			buildConfigurationList = 631AF66828BA393D008CC3D2 /* Build configuration list for PBXNativeTarget "MLCharacteQuizApp" */;
			buildPhases = (
				631AF65628BA393C008CC3D2 /* Sources */,
				631AF65728BA393C008CC3D2 /* Frameworks */,
				631AF65828BA393C008CC3D2 /* Resources */,
			);
			buildRules = (
			);
			dependencies = (
			);
			name = MLCharacteQuizApp;
			productName = MLCharacteQuizApp;
			productReference = 631AF65A28BA393C008CC3D2 /* MLCharacteQuizApp.app */;
			productType = "com.apple.product-type.application";
		};
/* End PBXNativeTarget section */

/* Begin PBXProject section */
		631AF65228BA393C008CC3D2 /* Project object */ = {
			isa = PBXProject;
			attributes = {
				BuildIndependentTargetsInParallel = 1;
				LastSwiftUpdateCheck = 1340;
				LastUpgradeCheck = 1340;
				TargetAttributes = {
					631AF65928BA393C008CC3D2 = {
						CreatedOnToolsVersion = 13.4.1;
					};
				};
			};
			buildConfigurationList = 631AF65528BA393C008CC3D2 /* Build configuration list for PBXProject "MLCharacteQuizApp" */;
			compatibilityVersion = "Xcode 13.0";
			developmentRegion = en;
			hasScannedForEncodings = 0;
			knownRegions = (
				en,
				Base,
			);
			mainGroup = 631AF65128BA393C008CC3D2;
			productRefGroup = 631AF65B28BA393C008CC3D2 /* Products */;
			projectDirPath = "";
			projectRoot = "";
			targets = (
				631AF65928BA393C008CC3D2 /* MLCharacteQuizApp */,
			);
		};
/* End PBXProject section */

/* Begin PBXResourcesBuildPhase section */
		631AF65828BA393C008CC3D2 /* Resources */ = {
			isa = PBXResourcesBuildPhase;
			buildActionMask = 2147483647;
			files = (
				631AF66528BA393D008CC3D2 /* Preview Assets.xcassets in Resources */,
				631AF66228BA393D008CC3D2 /* Assets.xcassets in Resources */,
			);
			runOnlyForDeploymentPostprocessing = 0;
		};
/* End PBXResourcesBuildPhase section */

/* Begin PBXSourcesBuildPhase section */
		631AF65628BA393C008CC3D2 /* Sources */ = {
			isa = PBXSourcesBuildPhase;
			buildActionMask = 2147483647;
			files = (
				631AF66028BA393C008CC3D2 /* MainView.swift in Sources */,
				6324FCD128BCD867006EB180 /* CGImage + UIImage Orientation Extension.swift in Sources */,
				6324FCD428BCD9CC006EB180 /* ImagePicker.swift in Sources */,
				63718165291F3DAE00FC29F2 /* ClassificationTest.swift in Sources */,
				6315F4C728BDF0390034DD85 /* ImageClassification.swift in Sources */,
				631AF65E28BA393C008CC3D2 /* MLCharacteQuizAppApp.swift in Sources */,
				63CF478728C16BFF0005D5EA /* FamousPeople.mlpackage in Sources */,
				63CF478928C173460005D5EA /* ResultView.swift in Sources */,
				6324FC9E28BC83D2006EB180 /* QuizViewModel.swift in Sources */,
				6314D5DD2917DD4B00ABF49B /* QuizView.swift in Sources */,
				631AF67028BA3B1F008CC3D2 /* MainViewModel.swift in Sources */,
				63CF478528C0A6370005D5EA /* KeyBoard.swift in Sources */,
			);
			runOnlyForDeploymentPostprocessing = 0;
		};
/* End PBXSourcesBuildPhase section */

/* Begin XCBuildConfiguration section */
		631AF66628BA393D008CC3D2 /* Debug */ = {
			isa = XCBuildConfiguration;
			buildSettings = {
				ALWAYS_SEARCH_USER_PATHS = NO;
				CLANG_ANALYZER_NONNULL = YES;
				CLANG_ANALYZER_NUMBER_OBJECT_CONVERSION = YES_AGGRESSIVE;
				CLANG_CXX_LANGUAGE_STANDARD = "gnu++17";
				CLANG_ENABLE_MODULES = YES;
				CLANG_ENABLE_OBJC_ARC = YES;
				CLANG_ENABLE_OBJC_WEAK = YES;
				CLANG_WARN_BLOCK_CAPTURE_AUTORELEASING = YES;
				CLANG_WARN_BOOL_CONVERSION = YES;
				CLANG_WARN_COMMA = YES;
				CLANG_WARN_CONSTANT_CONVERSION = YES;
				CLANG_WARN_DEPRECATED_OBJC_IMPLEMENTATIONS = YES;
				CLANG_WARN_DIRECT_OBJC_ISA_USAGE = YES_ERROR;
				CLANG_WARN_DOCUMENTATION_COMMENTS = YES;
				CLANG_WARN_EMPTY_BODY = YES;
				CLANG_WARN_ENUM_CONVERSION = YES;
				CLANG_WARN_INFINITE_RECURSION = YES;
				CLANG_WARN_INT_CONVERSION = YES;
				CLANG_WARN_NON_LITERAL_NULL_CONVERSION = YES;
				CLANG_WARN_OBJC_IMPLICIT_RETAIN_SELF = YES;
				CLANG_WARN_OBJC_LITERAL_CONVERSION = YES;
				CLANG_WARN_OBJC_ROOT_CLASS = YES_ERROR;
				CLANG_WARN_QUOTED_INCLUDE_IN_FRAMEWORK_HEADER = YES;
				CLANG_WARN_RANGE_LOOP_ANALYSIS = YES;
				CLANG_WARN_STRICT_PROTOTYPES = YES;
				CLANG_WARN_SUSPICIOUS_MOVE = YES;
				CLANG_WARN_UNGUARDED_AVAILABILITY = YES_AGGRESSIVE;
				CLANG_WARN_UNREACHABLE_CODE = YES;
				CLANG_WARN__DUPLICATE_METHOD_MATCH = YES;
				COPY_PHASE_STRIP = NO;
				DEBUG_INFORMATION_FORMAT = dwarf;
				ENABLE_STRICT_OBJC_MSGSEND = YES;
				ENABLE_TESTABILITY = YES;
				GCC_C_LANGUAGE_STANDARD = gnu11;
				GCC_DYNAMIC_NO_PIC = NO;
				GCC_NO_COMMON_BLOCKS = YES;
				GCC_OPTIMIZATION_LEVEL = 0;
				GCC_PREPROCESSOR_DEFINITIONS = (
					"DEBUG=1",
					"$(inherited)",
				);
				GCC_WARN_64_TO_32_BIT_CONVERSION = YES;
				GCC_WARN_ABOUT_RETURN_TYPE = YES_ERROR;
				GCC_WARN_UNDECLARED_SELECTOR = YES;
				GCC_WARN_UNINITIALIZED_AUTOS = YES_AGGRESSIVE;
				GCC_WARN_UNUSED_FUNCTION = YES;
				GCC_WARN_UNUSED_VARIABLE = YES;
				IPHONEOS_DEPLOYMENT_TARGET = 15.5;
				MTL_ENABLE_DEBUG_INFO = INCLUDE_SOURCE;
				MTL_FAST_MATH = YES;
				ONLY_ACTIVE_ARCH = YES;
				SDKROOT = iphoneos;
				SWIFT_ACTIVE_COMPILATION_CONDITIONS = DEBUG;
				SWIFT_OPTIMIZATION_LEVEL = "-Onone";
			};
			name = Debug;
		};
		631AF66728BA393D008CC3D2 /* Release */ = {
			isa = XCBuildConfiguration;
			buildSettings = {
				ALWAYS_SEARCH_USER_PATHS = NO;
				CLANG_ANALYZER_NONNULL = YES;
				CLANG_ANALYZER_NUMBER_OBJECT_CONVERSION = YES_AGGRESSIVE;
				CLANG_CXX_LANGUAGE_STANDARD = "gnu++17";
				CLANG_ENABLE_MODULES = YES;
				CLANG_ENABLE_OBJC_ARC = YES;
				CLANG_ENABLE_OBJC_WEAK = YES;
				CLANG_WARN_BLOCK_CAPTURE_AUTORELEASING = YES;
				CLANG_WARN_BOOL_CONVERSION = YES;
				CLANG_WARN_COMMA = YES;
				CLANG_WARN_CONSTANT_CONVERSION = YES;
				CLANG_WARN_DEPRECATED_OBJC_IMPLEMENTATIONS = YES;
				CLANG_WARN_DIRECT_OBJC_ISA_USAGE = YES_ERROR;
				CLANG_WARN_DOCUMENTATION_COMMENTS = YES;
				CLANG_WARN_EMPTY_BODY = YES;
				CLANG_WARN_ENUM_CONVERSION = YES;
				CLANG_WARN_INFINITE_RECURSION = YES;
				CLANG_WARN_INT_CONVERSION = YES;
				CLANG_WARN_NON_LITERAL_NULL_CONVERSION = YES;
				CLANG_WARN_OBJC_IMPLICIT_RETAIN_SELF = YES;
				CLANG_WARN_OBJC_LITERAL_CONVERSION = YES;
				CLANG_WARN_OBJC_ROOT_CLASS = YES_ERROR;
				CLANG_WARN_QUOTED_INCLUDE_IN_FRAMEWORK_HEADER = YES;
				CLANG_WARN_RANGE_LOOP_ANALYSIS = YES;
				CLANG_WARN_STRICT_PROTOTYPES = YES;
				CLANG_WARN_SUSPICIOUS_MOVE = YES;
				CLANG_WARN_UNGUARDED_AVAILABILITY = YES_AGGRESSIVE;
				CLANG_WARN_UNREACHABLE_CODE = YES;
				CLANG_WARN__DUPLICATE_METHOD_MATCH = YES;
				COPY_PHASE_STRIP = NO;
				DEBUG_INFORMATION_FORMAT = "dwarf-with-dsym";
				ENABLE_NS_ASSERTIONS = NO;
				ENABLE_STRICT_OBJC_MSGSEND = YES;
				GCC_C_LANGUAGE_STANDARD = gnu11;
				GCC_NO_COMMON_BLOCKS = YES;
				GCC_WARN_64_TO_32_BIT_CONVERSION = YES;
				GCC_WARN_ABOUT_RETURN_TYPE = YES_ERROR;
				GCC_WARN_UNDECLARED_SELECTOR = YES;
				GCC_WARN_UNINITIALIZED_AUTOS = YES_AGGRESSIVE;
				GCC_WARN_UNUSED_FUNCTION = YES;
				GCC_WARN_UNUSED_VARIABLE = YES;
				IPHONEOS_DEPLOYMENT_TARGET = 15.5;
				MTL_ENABLE_DEBUG_INFO = NO;
				MTL_FAST_MATH = YES;
				SDKROOT = iphoneos;
				SWIFT_COMPILATION_MODE = wholemodule;
				SWIFT_OPTIMIZATION_LEVEL = "-O";
				VALIDATE_PRODUCT = YES;
			};
			name = Release;
		};
		631AF66928BA393D008CC3D2 /* Debug */ = {
			isa = XCBuildConfiguration;
			buildSettings = {
				ASSETCATALOG_COMPILER_APPICON_NAME = AppIcon;
				ASSETCATALOG_COMPILER_GLOBAL_ACCENT_COLOR_NAME = AccentColor;
				CODE_SIGN_STYLE = Automatic;
				CURRENT_PROJECT_VERSION = 1;
				DEVELOPMENT_ASSET_PATHS = "\"MLCharacteQuizApp/Preview Content\"";
				DEVELOPMENT_TEAM = S5VGQ6HPYR;
				ENABLE_PREVIEWS = YES;
				GENERATE_INFOPLIST_FILE = YES;
				INFOPLIST_KEY_UIApplicationSceneManifest_Generation = YES;
				INFOPLIST_KEY_UIApplicationSupportsIndirectInputEvents = YES;
				INFOPLIST_KEY_UILaunchScreen_Generation = YES;
				INFOPLIST_KEY_UISupportedInterfaceOrientations_iPad = "UIInterfaceOrientationPortrait UIInterfaceOrientationPortraitUpsideDown UIInterfaceOrientationLandscapeLeft UIInterfaceOrientationLandscapeRight";
				INFOPLIST_KEY_UISupportedInterfaceOrientations_iPhone = "UIInterfaceOrientationPortrait UIInterfaceOrientationLandscapeLeft UIInterfaceOrientationLandscapeRight";
				LD_RUNPATH_SEARCH_PATHS = (
					"$(inherited)",
					"@executable_path/Frameworks",
				);
				MARKETING_VERSION = 1.0;
				PRODUCT_BUNDLE_IDENTIFIER = com.david0929.MLCharacteQuizApp;
				PRODUCT_NAME = "$(TARGET_NAME)";
				SWIFT_EMIT_LOC_STRINGS = YES;
				SWIFT_VERSION = 5.0;
				TARGETED_DEVICE_FAMILY = "1,2";
			};
			name = Debug;
		};
		631AF66A28BA393D008CC3D2 /* Release */ = {
			isa = XCBuildConfiguration;
			buildSettings = {
				ASSETCATALOG_COMPILER_APPICON_NAME = AppIcon;
				ASSETCATALOG_COMPILER_GLOBAL_ACCENT_COLOR_NAME = AccentColor;
				CODE_SIGN_STYLE = Automatic;
				CURRENT_PROJECT_VERSION = 1;
				DEVELOPMENT_ASSET_PATHS = "\"MLCharacteQuizApp/Preview Content\"";
				DEVELOPMENT_TEAM = S5VGQ6HPYR;
				ENABLE_PREVIEWS = YES;
				GENERATE_INFOPLIST_FILE = YES;
				INFOPLIST_KEY_UIApplicationSceneManifest_Generation = YES;
				INFOPLIST_KEY_UIApplicationSupportsIndirectInputEvents = YES;
				INFOPLIST_KEY_UILaunchScreen_Generation = YES;
				INFOPLIST_KEY_UISupportedInterfaceOrientations_iPad = "UIInterfaceOrientationPortrait UIInterfaceOrientationPortraitUpsideDown UIInterfaceOrientationLandscapeLeft UIInterfaceOrientationLandscapeRight";
				INFOPLIST_KEY_UISupportedInterfaceOrientations_iPhone = "UIInterfaceOrientationPortrait UIInterfaceOrientationLandscapeLeft UIInterfaceOrientationLandscapeRight";
				LD_RUNPATH_SEARCH_PATHS = (
					"$(inherited)",
					"@executable_path/Frameworks",
				);
				MARKETING_VERSION = 1.0;
				PRODUCT_BUNDLE_IDENTIFIER = com.david0929.MLCharacteQuizApp;
				PRODUCT_NAME = "$(TARGET_NAME)";
				SWIFT_EMIT_LOC_STRINGS = YES;
				SWIFT_VERSION = 5.0;
				TARGETED_DEVICE_FAMILY = "1,2";
			};
			name = Release;
		};
/* End XCBuildConfiguration section */

/* Begin XCConfigurationList section */
		631AF65528BA393C008CC3D2 /* Build configuration list for PBXProject "MLCharacteQuizApp" */ = {
			isa = XCConfigurationList;
			buildConfigurations = (
				631AF66628BA393D008CC3D2 /* Debug */,
				631AF66728BA393D008CC3D2 /* Release */,
			);
			defaultConfigurationIsVisible = 0;
			defaultConfigurationName = Release;
		};
		631AF66828BA393D008CC3D2 /* Build configuration list for PBXNativeTarget "MLCharacteQuizApp" */ = {
			isa = XCConfigurationList;
			buildConfigurations = (
				631AF66928BA393D008CC3D2 /* Debug */,
				631AF66A28BA393D008CC3D2 /* Release */,
			);
			defaultConfigurationIsVisible = 0;
			defaultConfigurationName = Release;
		};
/* End XCConfigurationList section */
	};
	rootObject = 631AF65228BA393C008CC3D2 /* Project object */;
}
